
Microsoft Visual Studio Solution File, Format Version 12.00
# Visual Studio Version 17
VisualStudioVersion = 17.8.34330.188
MinimumVisualStudioVersion = 10.0.40219.1
Project("{FAE04EC0-301F-11D3-BF4B-00C04F79EFBC}") = "dotLibrary", "dotLibrary.csproj", "{113E47FF-FEF6-42EF-BC90-6C430CA7F659}"
EndProject
Global
	GlobalSection(SolutionConfigurationPlatforms) = preSolution
		Debug|Any CPU = Debug|Any CPU
		Release|Any CPU = Release|Any CPU
	EndGlobalSection
	GlobalSection(ProjectConfigurationPlatforms) = postSolution
		{113E47FF-FEF6-42EF-BC90-6C430CA7F659}.Debug|Any CPU.ActiveCfg = Debug|Any CPU
		{113E47FF-FEF6-42EF-BC90-6C430CA7F659}.Debug|Any CPU.Build.0 = Debug|Any CPU
		{113E47FF-FEF6-42EF-BC90-6C430CA7F659}.Release|Any CPU.ActiveCfg = Release|Any CPU
		{113E47FF-FEF6-42EF-BC90-6C430CA7F659}.Release|Any CPU.Build.0 = Release|Any CPU
	EndGlobalSection
	GlobalSection(SolutionProperties) = preSolution
		HideSolutionNode = FALSE
	EndGlobalSection
	GlobalSection(ExtensibilityGlobals) = postSolution
		SolutionGuid = {60F05BC4-FFE9-422C-B06B-88FFDB9918C6}
	EndGlobalSection
EndGlobal
